
Microsoft Visual Studio Solution File, Format Version 12.00
# Visual Studio Version 17
VisualStudioVersion = 17.4.33122.133
MinimumVisualStudioVersion = 10.0.40219.1
Project("{FAE04EC0-301F-11D3-BF4B-00C04F79EFBC}") = "6 дз", "6 дз\6 дз.csproj", "{1B2898BD-1FC0-4C10-8C9C-790B73BD4829}"
EndProject
Global
	GlobalSection(SolutionConfigurationPlatforms) = preSolution
		Debug|Any CPU = Debug|Any CPU
		Release|Any CPU = Release|Any CPU
	EndGlobalSection
	GlobalSection(ProjectConfigurationPlatforms) = postSolution
		{1B2898BD-1FC0-4C10-8C9C-790B73BD4829}.Debug|Any CPU.ActiveCfg = Debug|Any CPU
		{1B2898BD-1FC0-4C10-8C9C-790B73BD4829}.Debug|Any CPU.Build.0 = Debug|Any CPU
		{1B2898BD-1FC0-4C10-8C9C-790B73BD4829}.Release|Any CPU.ActiveCfg = Release|Any CPU
		{1B2898BD-1FC0-4C10-8C9C-790B73BD4829}.Release|Any CPU.Build.0 = Release|Any CPU
	EndGlobalSection
	GlobalSection(SolutionProperties) = preSolution
		HideSolutionNode = FALSE
	EndGlobalSection
	GlobalSection(ExtensibilityGlobals) = postSolution
		SolutionGuid = {26ABF27A-0A41-4DCC-A213-4254FCE954B8}
	EndGlobalSection
EndGlobal
